
Microsoft Visual Studio Solution File, Format Version 12.00
# Visual Studio Version 17
VisualStudioVersion = 17.0.31903.59
MinimumVisualStudioVersion = 10.0.40219.1
Project("{FAE04EC0-301F-11D3-BF4B-00C04F79EFBC}") = "DungeonMasterXIV", "DungeonMasterXIV.csproj", "{67D40F93-21BB-479C-A223-310DC023237D}"
EndProject
Project("{2150E333-8FDC-42A3-9474-1A3956D46DE8}") = "src", "src", "{827E0CD3-B72D-47B6-A68D-7590B98EB39B}"
EndProject
Project("{FAE04EC0-301F-11D3-BF4B-00C04F79EFBC}") = "DungeonMasterXIV.Core", "src\DungeonMasterXIV.Core\DungeonMasterXIV.Core.csproj", "{EA36CC90-A5B8-41D0-B24B-9896F009E63E}"
EndProject
Project("{2150E333-8FDC-42A3-9474-1A3956D46DE8}") = "tests", "tests", "{0AB3BF05-4346-4AA6-1389-037BE0695223}"
EndProject
Project("{FAE04EC0-301F-11D3-BF4B-00C04F79EFBC}") = "DungeonMasterXIV.Tests", "tests\DungeonMasterXIV.Tests\DungeonMasterXIV.Tests.csproj", "{00B64ECA-7FA5-4D64-920C-EC9F3382EE7E}"
EndProject
Project("{FAE04EC0-301F-11D3-BF4B-00C04F79EFBC}") = "DungeonMasterXIV.Relay", "src\DungeonMasterXIV.Relay\DungeonMasterXIV.Relay.csproj", "{E49858F7-BF3B-4778-997B-1AC7B97CA846}"
EndProject
Project("{FAE04EC0-301F-11D3-BF4B-00C04F79EFBC}") = "DungeonMasterXIV.Relay.Tests", "tests\DungeonMasterXIV.Relay.Tests\DungeonMasterXIV.Relay.Tests.csproj", "{8C505560-3F14-46D0-941B-9B9114B16A35}"
EndProject
Global
	GlobalSection(SolutionConfigurationPlatforms) = preSolution
		Debug|Any CPU = Debug|Any CPU
		Debug|x64 = Debug|x64
		Debug|x86 = Debug|x86
		Release|Any CPU = Release|Any CPU
		Release|x64 = Release|x64
		Release|x86 = Release|x86
	EndGlobalSection
	GlobalSection(ProjectConfigurationPlatforms) = postSolution
		{67D40F93-21BB-479C-A223-310DC023237D}.Debug|Any CPU.ActiveCfg = Debug|x64
		{67D40F93-21BB-479C-A223-310DC023237D}.Debug|Any CPU.Build.0 = Debug|x64
		{67D40F93-21BB-479C-A223-310DC023237D}.Debug|x64.ActiveCfg = Debug|x64
		{67D40F93-21BB-479C-A223-310DC023237D}.Debug|x64.Build.0 = Debug|x64
		{67D40F93-21BB-479C-A223-310DC023237D}.Debug|x86.ActiveCfg = Debug|x64
		{67D40F93-21BB-479C-A223-310DC023237D}.Debug|x86.Build.0 = Debug|x64
		{67D40F93-21BB-479C-A223-310DC023237D}.Release|Any CPU.ActiveCfg = Release|x64
		{67D40F93-21BB-479C-A223-310DC023237D}.Release|Any CPU.Build.0 = Release|x64
		{67D40F93-21BB-479C-A223-310DC023237D}.Release|x64.ActiveCfg = Release|x64
		{67D40F93-21BB-479C-A223-310DC023237D}.Release|x64.Build.0 = Release|x64
		{67D40F93-21BB-479C-A223-310DC023237D}.Release|x86.ActiveCfg = Release|x64
		{67D40F93-21BB-479C-A223-310DC023237D}.Release|x86.Build.0 = Release|x64
		{EA36CC90-A5B8-41D0-B24B-9896F009E63E}.Debug|Any CPU.ActiveCfg = Debug|Any CPU
		{EA36CC90-A5B8-41D0-B24B-9896F009E63E}.Debug|Any CPU.Build.0 = Debug|Any CPU
		{EA36CC90-A5B8-41D0-B24B-9896F009E63E}.Debug|x64.ActiveCfg = Debug|Any CPU
		{EA36CC90-A5B8-41D0-B24B-9896F009E63E}.Debug|x64.Build.0 = Debug|Any CPU
		{EA36CC90-A5B8-41D0-B24B-9896F009E63E}.Debug|x86.ActiveCfg = Debug|Any CPU
		{EA36CC90-A5B8-41D0-B24B-9896F009E63E}.Debug|x86.Build.0 = Debug|Any CPU
		{EA36CC90-A5B8-41D0-B24B-9896F009E63E}.Release|Any CPU.ActiveCfg = Release|Any CPU
		{EA36CC90-A5B8-41D0-B24B-9896F009E63E}.Release|Any CPU.Build.0 = Release|Any CPU
		{EA36CC90-A5B8-41D0-B24B-9896F009E63E}.Release|x64.ActiveCfg = Release|Any CPU
		{EA36CC90-A5B8-41D0-B24B-9896F009E63E}.Release|x64.Build.0 = Release|Any CPU
		{EA36CC90-A5B8-41D0-B24B-9896F009E63E}.Release|x86.ActiveCfg = Release|Any CPU
		{EA36CC90-A5B8-41D0-B24B-9896F009E63E}.Release|x86.Build.0 = Release|Any CPU
		{00B64ECA-7FA5-4D64-920C-EC9F3382EE7E}.Debug|Any CPU.ActiveCfg = Debug|Any CPU
		{00B64ECA-7FA5-4D64-920C-EC9F3382EE7E}.Debug|Any CPU.Build.0 = Debug|Any CPU
		{00B64ECA-7FA5-4D64-920C-EC9F3382EE7E}.Debug|x64.ActiveCfg = Debug|Any CPU
		{00B64ECA-7FA5-4D64-920C-EC9F3382EE7E}.Debug|x64.Build.0 = Debug|Any CPU
		{00B64ECA-7FA5-4D64-920C-EC9F3382EE7E}.Debug|x86.ActiveCfg = Debug|Any CPU
		{00B64ECA-7FA5-4D64-920C-EC9F3382EE7E}.Debug|x86.Build.0 = Debug|Any CPU
		{00B64ECA-7FA5-4D64-920C-EC9F3382EE7E}.Release|Any CPU.ActiveCfg = Release|Any CPU
		{00B64ECA-7FA5-4D64-920C-EC9F3382EE7E}.Release|Any CPU.Build.0 = Release|Any CPU
		{00B64ECA-7FA5-4D64-920C-EC9F3382EE7E}.Release|x64.ActiveCfg = Release|Any CPU
		{00B64ECA-7FA5-4D64-920C-EC9F3382EE7E}.Release|x64.Build.0 = Release|Any CPU
		{00B64ECA-7FA5-4D64-920C-EC9F3382EE7E}.Release|x86.ActiveCfg = Release|Any CPU
		{00B64ECA-7FA5-4D64-920C-EC9F3382EE7E}.Release|x86.Build.0 = Release|Any CPU
		{E49858F7-BF3B-4778-997B-1AC7B97CA846}.Debug|Any CPU.ActiveCfg = Debug|Any CPU
		{E49858F7-BF3B-4778-997B-1AC7B97CA846}.Debug|Any CPU.Build.0 = Debug|Any CPU
		{E49858F7-BF3B-4778-997B-1AC7B97CA846}.Debug|x64.ActiveCfg = Debug|Any CPU
		{E49858F7-BF3B-4778-997B-1AC7B97CA846}.Debug|x64.Build.0 = Debug|Any CPU
		{E49858F7-BF3B-4778-997B-1AC7B97CA846}.Debug|x86.ActiveCfg = Debug|Any CPU
		{E49858F7-BF3B-4778-997B-1AC7B97CA846}.Debug|x86.Build.0 = Debug|Any CPU
		{E49858F7-BF3B-4778-997B-1AC7B97CA846}.Release|Any CPU.ActiveCfg = Release|Any CPU
		{E49858F7-BF3B-4778-997B-1AC7B97CA846}.Release|Any CPU.Build.0 = Release|Any CPU
		{E49858F7-BF3B-4778-997B-1AC7B97CA846}.Release|x64.ActiveCfg = Release|Any CPU
		{E49858F7-BF3B-4778-997B-1AC7B97CA846}.Release|x64.Build.0 = Release|Any CPU
		{E49858F7-BF3B-4778-997B-1AC7B97CA846}.Release|x86.ActiveCfg = Release|Any CPU
		{E49858F7-BF3B-4778-997B-1AC7B97CA846}.Release|x86.Build.0 = Release|Any CPU
		{8C505560-3F14-46D0-941B-9B9114B16A35}.Debug|Any CPU.ActiveCfg = Debug|Any CPU
		{8C505560-3F14-46D0-941B-9B9114B16A35}.Debug|Any CPU.Build.0 = Debug|Any CPU
		{8C505560-3F14-46D0-941B-9B9114B16A35}.Debug|x64.ActiveCfg = Debug|Any CPU
		{8C505560-3F14-46D0-941B-9B9114B16A35}.Debug|x64.Build.0 = Debug|Any CPU
		{8C505560-3F14-46D0-941B-9B9114B16A35}.Debug|x86.ActiveCfg = Debug|Any CPU
		{8C505560-3F14-46D0-941B-9B9114B16A35}.Debug|x86.Build.0 = Debug|Any CPU
		{8C505560-3F14-46D0-941B-9B9114B16A35}.Release|Any CPU.ActiveCfg = Release|Any CPU
		{8C505560-3F14-46D0-941B-9B9114B16A35}.Release|Any CPU.Build.0 = Release|Any CPU
		{8C505560-3F14-46D0-941B-9B9114B16A35}.Release|x64.ActiveCfg = Release|Any CPU
		{8C505560-3F14-46D0-941B-9B9114B16A35}.Release|x64.Build.0 = Release|Any CPU
		{8C505560-3F14-46D0-941B-9B9114B16A35}.Release|x86.ActiveCfg = Release|Any CPU
		{8C505560-3F14-46D0-941B-9B9114B16A35}.Release|x86.Build.0 = Release|Any CPU
	EndGlobalSection
	GlobalSection(SolutionProperties) = preSolution
		HideSolutionNode = FALSE
	EndGlobalSection
	GlobalSection(NestedProjects) = preSolution
		{EA36CC90-A5B8-41D0-B24B-9896F009E63E} = {827E0CD3-B72D-47B6-A68D-7590B98EB39B}
		{00B64ECA-7FA5-4D64-920C-EC9F3382EE7E} = {0AB3BF05-4346-4AA6-1389-037BE0695223}
		{E49858F7-BF3B-4778-997B-1AC7B97CA846} = {827E0CD3-B72D-47B6-A68D-7590B98EB39B}
		{8C505560-3F14-46D0-941B-9B9114B16A35} = {0AB3BF05-4346-4AA6-1389-037BE0695223}
	EndGlobalSection
EndGlobal
